
Microsoft Visual Studio Solution File, Format Version 12.00
# Visual Studio Version 17
VisualStudioVersion = 17.8.34408.163
MinimumVisualStudioVersion = 10.0.40219.1
Project("{8BC9CEB8-8B4A-11D0-8D11-00A0C91BC942}") = "Struct", "Struct\Struct.vcxproj", "{CF8B2897-FBEE-458C-A82E-DB6D5B0BDBE6}"
EndProject
Project("{8BC9CEB8-8B4A-11D0-8D11-00A0C91BC942}") = "Storage", "Storage\Storage.vcxproj", "{6F51C7DA-6E4F-4BA9-9D8B-895A9C625993}"
EndProject
Global
	GlobalSection(SolutionConfigurationPlatforms) = preSolution
		Debug|x64 = Debug|x64
		Debug|x86 = Debug|x86
		Release|x64 = Release|x64
		Release|x86 = Release|x86
	EndGlobalSection
	GlobalSection(ProjectConfigurationPlatforms) = postSolution
		{CF8B2897-FBEE-458C-A82E-DB6D5B0BDBE6}.Debug|x64.ActiveCfg = Debug|x64
		{CF8B2897-FBEE-458C-A82E-DB6D5B0BDBE6}.Debug|x64.Build.0 = Debug|x64
		{CF8B2897-FBEE-458C-A82E-DB6D5B0BDBE6}.Debug|x86.ActiveCfg = Debug|Win32
		{CF8B2897-FBEE-458C-A82E-DB6D5B0BDBE6}.Debug|x86.Build.0 = Debug|Win32
		{CF8B2897-FBEE-458C-A82E-DB6D5B0BDBE6}.Release|x64.ActiveCfg = Release|x64
		{CF8B2897-FBEE-458C-A82E-DB6D5B0BDBE6}.Release|x64.Build.0 = Release|x64
		{CF8B2897-FBEE-458C-A82E-DB6D5B0BDBE6}.Release|x86.ActiveCfg = Release|Win32
		{CF8B2897-FBEE-458C-A82E-DB6D5B0BDBE6}.Release|x86.Build.0 = Release|Win32
		{6F51C7DA-6E4F-4BA9-9D8B-895A9C625993}.Debug|x64.ActiveCfg = Debug|x64
		{6F51C7DA-6E4F-4BA9-9D8B-895A9C625993}.Debug|x64.Build.0 = Debug|x64
		{6F51C7DA-6E4F-4BA9-9D8B-895A9C625993}.Debug|x86.ActiveCfg = Debug|Win32
		{6F51C7DA-6E4F-4BA9-9D8B-895A9C625993}.Debug|x86.Build.0 = Debug|Win32
		{6F51C7DA-6E4F-4BA9-9D8B-895A9C625993}.Release|x64.ActiveCfg = Release|x64
		{6F51C7DA-6E4F-4BA9-9D8B-895A9C625993}.Release|x64.Build.0 = Release|x64
		{6F51C7DA-6E4F-4BA9-9D8B-895A9C625993}.Release|x86.ActiveCfg = Release|Win32
		{6F51C7DA-6E4F-4BA9-9D8B-895A9C625993}.Release|x86.Build.0 = Release|Win32
	EndGlobalSection
	GlobalSection(SolutionProperties) = preSolution
		HideSolutionNode = FALSE
	EndGlobalSection
	GlobalSection(ExtensibilityGlobals) = postSolution
		SolutionGuid = {DB777A08-B7A4-4279-AD35-62FF90EF10B2}
	EndGlobalSection
EndGlobal
