
Microsoft Visual Studio Solution File, Format Version 12.00
# Visual Studio Version 17
VisualStudioVersion = 17.9.34728.123
MinimumVisualStudioVersion = 10.0.40219.1
Project("{8BC9CEB8-8B4A-11D0-8D11-00A0C91BC942}") = "polymorphism", "polymorphism\polymorphism.vcxproj", "{8679C330-F790-4F82-9B26-A21260AA5669}"
EndProject
Global
	GlobalSection(SolutionConfigurationPlatforms) = preSolution
		Debug|x64 = Debug|x64
		Debug|x86 = Debug|x86
		Release|x64 = Release|x64
		Release|x86 = Release|x86
	EndGlobalSection
	GlobalSection(ProjectConfigurationPlatforms) = postSolution
		{8679C330-F790-4F82-9B26-A21260AA5669}.Debug|x64.ActiveCfg = Debug|x64
		{8679C330-F790-4F82-9B26-A21260AA5669}.Debug|x64.Build.0 = Debug|x64
		{8679C330-F790-4F82-9B26-A21260AA5669}.Debug|x86.ActiveCfg = Debug|Win32
		{8679C330-F790-4F82-9B26-A21260AA5669}.Debug|x86.Build.0 = Debug|Win32
		{8679C330-F790-4F82-9B26-A21260AA5669}.Release|x64.ActiveCfg = Release|x64
		{8679C330-F790-4F82-9B26-A21260AA5669}.Release|x64.Build.0 = Release|x64
		{8679C330-F790-4F82-9B26-A21260AA5669}.Release|x86.ActiveCfg = Release|Win32
		{8679C330-F790-4F82-9B26-A21260AA5669}.Release|x86.Build.0 = Release|Win32
	EndGlobalSection
	GlobalSection(SolutionProperties) = preSolution
		HideSolutionNode = FALSE
	EndGlobalSection
	GlobalSection(ExtensibilityGlobals) = postSolution
		SolutionGuid = {CE7824D6-40D3-44D3-ABE8-8DE625E5F567}
	EndGlobalSection
EndGlobal
